
Microsoft Visual Studio Solution File, Format Version 10.00
# Visual Studio 2008
Project("{2150E333-8FDC-42A3-9474-1A3956D46DE8}") = "Common", "Common", "{99445F16-3BF9-47F1-B924-C7A0328DC55E}"
EndProject
Project("{2150E333-8FDC-42A3-9474-1A3956D46DE8}") = "Data", "Data", "{9AA9A203-A5D5-451C-A8D1-EA6EAA80BE97}"
EndProject
Project("{2150E333-8FDC-42A3-9474-1A3956D46DE8}") = "BusinessLogic", "BusinessLogic", "{06E93A4A-6798-4BA7-BB99-1A498D4B5FAB}"
EndProject
Project("{2150E333-8FDC-42A3-9474-1A3956D46DE8}") = "Class Libraries", "Class Libraries", "{7CD88F01-8658-4899-8750-0AFE77AF4D06}"
EndProject
Project("{2150E333-8FDC-42A3-9474-1A3956D46DE8}") = "Web Sites", "Web Sites", "{98ACB6C7-239F-4CD3-84A3-D92EF6BF3729}"
EndProject
Project("{FAE04EC0-301F-11D3-BF4B-00C04F79EFBC}") = "Connects.Profiles.Common", "Common\Profiles.Common\Profiles.Common\Connects.Profiles.Common.csproj", "{72ABCD78-6907-4F63-8C59-392C9F3CE506}"
EndProject
Project("{FAE04EC0-301F-11D3-BF4B-00C04F79EFBC}") = "Connects.Profiles.Data", "Data\Profiles.DataAccess\Profiles.DataAccess\Connects.Profiles.Data.csproj", "{DDCBA976-8AEA-42B5-8B63-E2E099F1D9CA}"
EndProject
Project("{2150E333-8FDC-42A3-9474-1A3956D46DE8}") = "Utility", "Utility", "{E944C636-98FC-4CFA-A4FD-E1135DF013C1}"
EndProject
Project("{FAE04EC0-301F-11D3-BF4B-00C04F79EFBC}") = "Connects.Profiles.BusinessLogic", "Connects.Profiles.BusinessLogic\Connects.Profiles.BusinessLogic.csproj", "{1D0FDD92-12F9-487D-A9B1-D7130DE37C15}"
EndProject
Project("{FAE04EC0-301F-11D3-BF4B-00C04F79EFBC}") = "Connects.Profiles.Utility", "Connects.Profiles.Utility\Connects.Profiles.Utility.csproj", "{27F9D353-FCCC-430E-A6A6-6864773CBCDC}"
EndProject
Project("{E24C65DC-7377-472B-9ABA-BC803B73C61A}") = "ProfilesWeb", "ProfilesWeb\", "{FDC46BCA-BA06-4F44-9BEE-F20FBA2A8ABB}"
	ProjectSection(WebsiteProperties) = preProject
		SccProjectName = ""
		SccAuxPath = ""
		SccLocalPath = ""
		SccProvider = ""
		TargetFramework = "3.5"
		ProjectReferences = "{1D0FDD92-12F9-487D-A9B1-D7130DE37C15}|Connects.Profiles.BusinessLogic.dll;{72ABCD78-6907-4F63-8C59-392C9F3CE506}|Connects.Profiles.Common.dll;{DDCBA976-8AEA-42B5-8B63-E2E099F1D9CA}|Connects.Profiles.DataAccess.dll;{24E3696C-B69C-49C8-8276-C4003297C45D}|Connects.Profiles.Service.ServiceImplementation.dll;{4E11DE8F-C111-44E4-8AF8-B66EDEC9152D}|Connects.Profiles.Service.DataContracts.dll;{D532570D-2CB9-4592-A8B5-C16712B1FACB}|Connects.Profiles.Service.ServiceContracts.dll;{27F9D353-FCCC-430E-A6A6-6864773CBCDC}|Connects.Profiles.Utility.dll;{BE2E39E8-DBC2-4933-9376-96D393C86588}|FUA.dll;"
		Debug.AspNetCompiler.VirtualPath = "/ProfilesWeb"
		Debug.AspNetCompiler.PhysicalPath = "ProfilesWeb\"
		Debug.AspNetCompiler.TargetPath = "PrecompiledWeb\ProfilesWeb\"
		Debug.AspNetCompiler.Updateable = "false"
		Debug.AspNetCompiler.ForceOverwrite = "true"
		Debug.AspNetCompiler.FixedNames = "false"
		Debug.AspNetCompiler.Debug = "True"
		Release.AspNetCompiler.VirtualPath = "/ProfilesWeb"
		Release.AspNetCompiler.PhysicalPath = "ProfilesWeb\"
		Release.AspNetCompiler.TargetPath = "PrecompiledWeb\ProfilesWeb\"
		Release.AspNetCompiler.Updateable = "false"
		Release.AspNetCompiler.ForceOverwrite = "true"
		Release.AspNetCompiler.FixedNames = "false"
		Release.AspNetCompiler.Debug = "False"
		VWDPort = "8951"
	EndProjectSection
EndProject
Project("{2150E333-8FDC-42A3-9474-1A3956D46DE8}") = "Service Interface", "Service Interface", "{58041BF8-ECF4-46CC-83A1-4F4E93C93177}"
EndProject
Project("{FAE04EC0-301F-11D3-BF4B-00C04F79EFBC}") = "Connects.Profiles.Service.ServiceContracts", "Service\Connects.Profiles.Service.ServiceContracts\Connects.Profiles.Service.ServiceContracts.csproj", "{D532570D-2CB9-4592-A8B5-C16712B1FACB}"
EndProject
Project("{FAE04EC0-301F-11D3-BF4B-00C04F79EFBC}") = "Connects.Profiles.Service.DataContracts", "Service\Connects.Profiles.Service.DataContracts\Connects.Profiles.Service.DataContracts.csproj", "{4E11DE8F-C111-44E4-8AF8-B66EDEC9152D}"
EndProject
Project("{FAE04EC0-301F-11D3-BF4B-00C04F79EFBC}") = "Connects.Profiles.Service", "Connects.Profiles.ProfileService\Connects.Profiles.Service.csproj", "{0E985D01-D502-4CAC-89AC-483800F80B97}"
EndProject
Project("{FAE04EC0-301F-11D3-BF4B-00C04F79EFBC}") = "Connects.Profiles.Service.ServiceImplementation", "Service\Connects.Profiles.Service.ServiceImplementation\Connects.Profiles.Service.ServiceImplementation.csproj", "{24E3696C-B69C-49C8-8276-C4003297C45D}"
EndProject
Project("{2150E333-8FDC-42A3-9474-1A3956D46DE8}") = "External Code", "External Code", "{278A765B-EA9A-4128-8A57-9403EC79E635}"
EndProject
Project("{2150E333-8FDC-42A3-9474-1A3956D46DE8}") = "bin", "bin", "{D8E5B2FF-5434-4CC3-A60A-428C1EF16215}"
	ProjectSection(SolutionItems) = preProject
		External Code\bin\Elmah.dll = External Code\bin\Elmah.dll
		External Code\bin\Elmah.pdb = External Code\bin\Elmah.pdb
		External Code\bin\Elmah.xml = External Code\bin\Elmah.xml
		External Code\bin\Microsoft.Http.dll = External Code\bin\Microsoft.Http.dll
		External Code\bin\Microsoft.Http.Extensions.dll = External Code\bin\Microsoft.Http.Extensions.dll
		External Code\bin\Microsoft.Http.Extensions.pdb = External Code\bin\Microsoft.Http.Extensions.pdb
		External Code\bin\Microsoft.Http.pdb = External Code\bin\Microsoft.Http.pdb
		External Code\bin\Microsoft.ServiceModel.Web.dll = External Code\bin\Microsoft.ServiceModel.Web.dll
		External Code\bin\Microsoft.ServiceModel.Web.pdb = External Code\bin\Microsoft.ServiceModel.Web.pdb
		External Code\bin\ResNavLoginUtilities.dll = External Code\bin\ResNavLoginUtilities.dll
		External Code\bin\System.Data.SQLite.DLL = External Code\bin\System.Data.SQLite.DLL
		External Code\bin\VistaDB.NET20.dll = External Code\bin\VistaDB.NET20.dll
	EndProjectSection
EndProject
Project("{FAE04EC0-301F-11D3-BF4B-00C04F79EFBC}") = "FUA", "External Code\FUA\FUA.csproj", "{BE2E39E8-DBC2-4933-9376-96D393C86588}"
EndProject
Project("{2150E333-8FDC-42A3-9474-1A3956D46DE8}") = "Microsoft Enterprise Library", "Microsoft Enterprise Library", "{C721D40C-8975-4E71-A14C-9F2C7EDF253D}"
	ProjectSection(SolutionItems) = preProject
		External Code\Microsoft Enterprise Library\EntLibConfig.exe = External Code\Microsoft Enterprise Library\EntLibConfig.exe
		External Code\Microsoft Enterprise Library\EntLibConfig.exe.config = External Code\Microsoft Enterprise Library\EntLibConfig.exe.config
		External Code\Microsoft Enterprise Library\MergeConfiguration.exe = External Code\Microsoft Enterprise Library\MergeConfiguration.exe
		External Code\Microsoft Enterprise Library\Microsoft.Practices.EnterpriseLibrary.AppSettings.Configuration.Design.dll = External Code\Microsoft Enterprise Library\Microsoft.Practices.EnterpriseLibrary.AppSettings.Configuration.Design.dll
		External Code\Microsoft Enterprise Library\Microsoft.Practices.EnterpriseLibrary.AppSettings.Configuration.Design.xml = External Code\Microsoft Enterprise Library\Microsoft.Practices.EnterpriseLibrary.AppSettings.Configuration.Design.xml
		External Code\Microsoft Enterprise Library\Microsoft.Practices.EnterpriseLibrary.Caching.Configuration.Design.dll = External Code\Microsoft Enterprise Library\Microsoft.Practices.EnterpriseLibrary.Caching.Configuration.Design.dll
		External Code\Microsoft Enterprise Library\Microsoft.Practices.EnterpriseLibrary.Caching.Configuration.Design.xml = External Code\Microsoft Enterprise Library\Microsoft.Practices.EnterpriseLibrary.Caching.Configuration.Design.xml
		External Code\Microsoft Enterprise Library\Microsoft.Practices.EnterpriseLibrary.Caching.Cryptography.Configuration.Design.dll = External Code\Microsoft Enterprise Library\Microsoft.Practices.EnterpriseLibrary.Caching.Cryptography.Configuration.Design.dll
		External Code\Microsoft Enterprise Library\Microsoft.Practices.EnterpriseLibrary.Caching.Cryptography.Configuration.Design.xml = External Code\Microsoft Enterprise Library\Microsoft.Practices.EnterpriseLibrary.Caching.Cryptography.Configuration.Design.xml
		External Code\Microsoft Enterprise Library\Microsoft.Practices.EnterpriseLibrary.Caching.Cryptography.dll = External Code\Microsoft Enterprise Library\Microsoft.Practices.EnterpriseLibrary.Caching.Cryptography.dll
		External Code\Microsoft Enterprise Library\Microsoft.Practices.EnterpriseLibrary.Caching.Cryptography.xml = External Code\Microsoft Enterprise Library\Microsoft.Practices.EnterpriseLibrary.Caching.Cryptography.xml
		External Code\Microsoft Enterprise Library\Microsoft.Practices.EnterpriseLibrary.Caching.Database.Configuration.Design.dll = External Code\Microsoft Enterprise Library\Microsoft.Practices.EnterpriseLibrary.Caching.Database.Configuration.Design.dll
		External Code\Microsoft Enterprise Library\Microsoft.Practices.EnterpriseLibrary.Caching.Database.Configuration.Design.xml = External Code\Microsoft Enterprise Library\Microsoft.Practices.EnterpriseLibrary.Caching.Database.Configuration.Design.xml
		External Code\Microsoft Enterprise Library\Microsoft.Practices.EnterpriseLibrary.Caching.Database.dll = External Code\Microsoft Enterprise Library\Microsoft.Practices.EnterpriseLibrary.Caching.Database.dll
		External Code\Microsoft Enterprise Library\Microsoft.Practices.EnterpriseLibrary.Caching.Database.xml = External Code\Microsoft Enterprise Library\Microsoft.Practices.EnterpriseLibrary.Caching.Database.xml
		External Code\Microsoft Enterprise Library\Microsoft.Practices.EnterpriseLibrary.Caching.dll = External Code\Microsoft Enterprise Library\Microsoft.Practices.EnterpriseLibrary.Caching.dll
		External Code\Microsoft Enterprise Library\Microsoft.Practices.EnterpriseLibrary.Caching.xml = External Code\Microsoft Enterprise Library\Microsoft.Practices.EnterpriseLibrary.Caching.xml
		External Code\Microsoft Enterprise Library\Microsoft.Practices.EnterpriseLibrary.Common.dll = External Code\Microsoft Enterprise Library\Microsoft.Practices.EnterpriseLibrary.Common.dll
		External Code\Microsoft Enterprise Library\Microsoft.Practices.EnterpriseLibrary.Common.xml = External Code\Microsoft Enterprise Library\Microsoft.Practices.EnterpriseLibrary.Common.xml
		External Code\Microsoft Enterprise Library\Microsoft.Practices.EnterpriseLibrary.Configuration.Design.dll = External Code\Microsoft Enterprise Library\Microsoft.Practices.EnterpriseLibrary.Configuration.Design.dll
		External Code\Microsoft Enterprise Library\Microsoft.Practices.EnterpriseLibrary.Configuration.Design.HostAdapter.dll = External Code\Microsoft Enterprise Library\Microsoft.Practices.EnterpriseLibrary.Configuration.Design.HostAdapter.dll
		External Code\Microsoft Enterprise Library\Microsoft.Practices.EnterpriseLibrary.Configuration.Design.UI.dll = External Code\Microsoft Enterprise Library\Microsoft.Practices.EnterpriseLibrary.Configuration.Design.UI.dll
		External Code\Microsoft Enterprise Library\Microsoft.Practices.EnterpriseLibrary.Configuration.Design.xml = External Code\Microsoft Enterprise Library\Microsoft.Practices.EnterpriseLibrary.Configuration.Design.xml
		External Code\Microsoft Enterprise Library\Microsoft.Practices.EnterpriseLibrary.Configuration.EnvironmentalOverrides.dll = External Code\Microsoft Enterprise Library\Microsoft.Practices.EnterpriseLibrary.Configuration.EnvironmentalOverrides.dll
		External Code\Microsoft Enterprise Library\Microsoft.Practices.EnterpriseLibrary.Data.Configuration.Design.dll = External Code\Microsoft Enterprise Library\Microsoft.Practices.EnterpriseLibrary.Data.Configuration.Design.dll
		External Code\Microsoft Enterprise Library\Microsoft.Practices.EnterpriseLibrary.Data.Configuration.Design.xml = External Code\Microsoft Enterprise Library\Microsoft.Practices.EnterpriseLibrary.Data.Configuration.Design.xml
		External Code\Microsoft Enterprise Library\Microsoft.Practices.EnterpriseLibrary.Data.dll = External Code\Microsoft Enterprise Library\Microsoft.Practices.EnterpriseLibrary.Data.dll
		External Code\Microsoft Enterprise Library\Microsoft.Practices.EnterpriseLibrary.Data.SqlCe.dll = External Code\Microsoft Enterprise Library\Microsoft.Practices.EnterpriseLibrary.Data.SqlCe.dll
		External Code\Microsoft Enterprise Library\Microsoft.Practices.EnterpriseLibrary.Data.SqlCe.xml = External Code\Microsoft Enterprise Library\Microsoft.Practices.EnterpriseLibrary.Data.SqlCe.xml
		External Code\Microsoft Enterprise Library\Microsoft.Practices.EnterpriseLibrary.Data.xml = External Code\Microsoft Enterprise Library\Microsoft.Practices.EnterpriseLibrary.Data.xml
		External Code\Microsoft Enterprise Library\Microsoft.Practices.EnterpriseLibrary.ExceptionHandling.Configuration.Design.dll = External Code\Microsoft Enterprise Library\Microsoft.Practices.EnterpriseLibrary.ExceptionHandling.Configuration.Design.dll
		External Code\Microsoft Enterprise Library\Microsoft.Practices.EnterpriseLibrary.ExceptionHandling.Configuration.Design.xml = External Code\Microsoft Enterprise Library\Microsoft.Practices.EnterpriseLibrary.ExceptionHandling.Configuration.Design.xml
		External Code\Microsoft Enterprise Library\Microsoft.Practices.EnterpriseLibrary.ExceptionHandling.dll = External Code\Microsoft Enterprise Library\Microsoft.Practices.EnterpriseLibrary.ExceptionHandling.dll
		External Code\Microsoft Enterprise Library\Microsoft.Practices.EnterpriseLibrary.ExceptionHandling.Logging.Configuration.Design.dll = External Code\Microsoft Enterprise Library\Microsoft.Practices.EnterpriseLibrary.ExceptionHandling.Logging.Configuration.Design.dll
		External Code\Microsoft Enterprise Library\Microsoft.Practices.EnterpriseLibrary.ExceptionHandling.Logging.Configuration.Design.xml = External Code\Microsoft Enterprise Library\Microsoft.Practices.EnterpriseLibrary.ExceptionHandling.Logging.Configuration.Design.xml
		External Code\Microsoft Enterprise Library\Microsoft.Practices.EnterpriseLibrary.ExceptionHandling.Logging.dll = External Code\Microsoft Enterprise Library\Microsoft.Practices.EnterpriseLibrary.ExceptionHandling.Logging.dll
		External Code\Microsoft Enterprise Library\Microsoft.Practices.EnterpriseLibrary.ExceptionHandling.Logging.xml = External Code\Microsoft Enterprise Library\Microsoft.Practices.EnterpriseLibrary.ExceptionHandling.Logging.xml
		External Code\Microsoft Enterprise Library\Microsoft.Practices.EnterpriseLibrary.ExceptionHandling.WCF.Configuration.Design.dll = External Code\Microsoft Enterprise Library\Microsoft.Practices.EnterpriseLibrary.ExceptionHandling.WCF.Configuration.Design.dll
		External Code\Microsoft Enterprise Library\Microsoft.Practices.EnterpriseLibrary.ExceptionHandling.WCF.Configuration.Design.xml = External Code\Microsoft Enterprise Library\Microsoft.Practices.EnterpriseLibrary.ExceptionHandling.WCF.Configuration.Design.xml
		External Code\Microsoft Enterprise Library\Microsoft.Practices.EnterpriseLibrary.ExceptionHandling.WCF.dll = External Code\Microsoft Enterprise Library\Microsoft.Practices.EnterpriseLibrary.ExceptionHandling.WCF.dll
		External Code\Microsoft Enterprise Library\Microsoft.Practices.EnterpriseLibrary.ExceptionHandling.WCF.xml = External Code\Microsoft Enterprise Library\Microsoft.Practices.EnterpriseLibrary.ExceptionHandling.WCF.xml
		External Code\Microsoft Enterprise Library\Microsoft.Practices.EnterpriseLibrary.ExceptionHandling.xml = External Code\Microsoft Enterprise Library\Microsoft.Practices.EnterpriseLibrary.ExceptionHandling.xml
		External Code\Microsoft Enterprise Library\Microsoft.Practices.EnterpriseLibrary.Logging.Configuration.Design.dll = External Code\Microsoft Enterprise Library\Microsoft.Practices.EnterpriseLibrary.Logging.Configuration.Design.dll
		External Code\Microsoft Enterprise Library\Microsoft.Practices.EnterpriseLibrary.Logging.Configuration.Design.xml = External Code\Microsoft Enterprise Library\Microsoft.Practices.EnterpriseLibrary.Logging.Configuration.Design.xml
		External Code\Microsoft Enterprise Library\Microsoft.Practices.EnterpriseLibrary.Logging.Database.Configuration.Design.dll = External Code\Microsoft Enterprise Library\Microsoft.Practices.EnterpriseLibrary.Logging.Database.Configuration.Design.dll
		External Code\Microsoft Enterprise Library\Microsoft.Practices.EnterpriseLibrary.Logging.Database.Configuration.Design.xml = External Code\Microsoft Enterprise Library\Microsoft.Practices.EnterpriseLibrary.Logging.Database.Configuration.Design.xml
		External Code\Microsoft Enterprise Library\Microsoft.Practices.EnterpriseLibrary.Logging.Database.dll = External Code\Microsoft Enterprise Library\Microsoft.Practices.EnterpriseLibrary.Logging.Database.dll
		External Code\Microsoft Enterprise Library\Microsoft.Practices.EnterpriseLibrary.Logging.Database.xml = External Code\Microsoft Enterprise Library\Microsoft.Practices.EnterpriseLibrary.Logging.Database.xml
		External Code\Microsoft Enterprise Library\Microsoft.Practices.EnterpriseLibrary.Logging.dll = External Code\Microsoft Enterprise Library\Microsoft.Practices.EnterpriseLibrary.Logging.dll
		External Code\Microsoft Enterprise Library\Microsoft.Practices.EnterpriseLibrary.Logging.xml = External Code\Microsoft Enterprise Library\Microsoft.Practices.EnterpriseLibrary.Logging.xml
		External Code\Microsoft Enterprise Library\Microsoft.Practices.EnterpriseLibrary.PolicyInjection.CallHandlers.Configuration.Design.dll = External Code\Microsoft Enterprise Library\Microsoft.Practices.EnterpriseLibrary.PolicyInjection.CallHandlers.Configuration.Design.dll
		External Code\Microsoft Enterprise Library\Microsoft.Practices.EnterpriseLibrary.PolicyInjection.CallHandlers.dll = External Code\Microsoft Enterprise Library\Microsoft.Practices.EnterpriseLibrary.PolicyInjection.CallHandlers.dll
		External Code\Microsoft Enterprise Library\Microsoft.Practices.EnterpriseLibrary.PolicyInjection.Configuration.Design.dll = External Code\Microsoft Enterprise Library\Microsoft.Practices.EnterpriseLibrary.PolicyInjection.Configuration.Design.dll
		External Code\Microsoft Enterprise Library\Microsoft.Practices.EnterpriseLibrary.PolicyInjection.dll = External Code\Microsoft Enterprise Library\Microsoft.Practices.EnterpriseLibrary.PolicyInjection.dll
		External Code\Microsoft Enterprise Library\Microsoft.Practices.EnterpriseLibrary.Security.AzMan.Configuration.Design.dll = External Code\Microsoft Enterprise Library\Microsoft.Practices.EnterpriseLibrary.Security.AzMan.Configuration.Design.dll
		External Code\Microsoft Enterprise Library\Microsoft.Practices.EnterpriseLibrary.Security.AzMan.Configuration.Design.xml = External Code\Microsoft Enterprise Library\Microsoft.Practices.EnterpriseLibrary.Security.AzMan.Configuration.Design.xml
		External Code\Microsoft Enterprise Library\Microsoft.Practices.EnterpriseLibrary.Security.AzMan.dll = External Code\Microsoft Enterprise Library\Microsoft.Practices.EnterpriseLibrary.Security.AzMan.dll
		External Code\Microsoft Enterprise Library\Microsoft.Practices.EnterpriseLibrary.Security.AzMan.xml = External Code\Microsoft Enterprise Library\Microsoft.Practices.EnterpriseLibrary.Security.AzMan.xml
		External Code\Microsoft Enterprise Library\Microsoft.Practices.EnterpriseLibrary.Security.Cache.CachingStore.dll = External Code\Microsoft Enterprise Library\Microsoft.Practices.EnterpriseLibrary.Security.Cache.CachingStore.dll
		External Code\Microsoft Enterprise Library\Microsoft.Practices.EnterpriseLibrary.Security.Cache.CachingStore.xml = External Code\Microsoft Enterprise Library\Microsoft.Practices.EnterpriseLibrary.Security.Cache.CachingStore.xml
		External Code\Microsoft Enterprise Library\Microsoft.Practices.EnterpriseLibrary.Security.Cache.Configuration.Design.dll = External Code\Microsoft Enterprise Library\Microsoft.Practices.EnterpriseLibrary.Security.Cache.Configuration.Design.dll
		External Code\Microsoft Enterprise Library\Microsoft.Practices.EnterpriseLibrary.Security.Cache.Configuration.Design.xml = External Code\Microsoft Enterprise Library\Microsoft.Practices.EnterpriseLibrary.Security.Cache.Configuration.Design.xml
		External Code\Microsoft Enterprise Library\Microsoft.Practices.EnterpriseLibrary.Security.Configuration.Design.dll = External Code\Microsoft Enterprise Library\Microsoft.Practices.EnterpriseLibrary.Security.Configuration.Design.dll
		External Code\Microsoft Enterprise Library\Microsoft.Practices.EnterpriseLibrary.Security.Configuration.Design.xml = External Code\Microsoft Enterprise Library\Microsoft.Practices.EnterpriseLibrary.Security.Configuration.Design.xml
		External Code\Microsoft Enterprise Library\Microsoft.Practices.EnterpriseLibrary.Security.Cryptography.Configuration.Design.dll = External Code\Microsoft Enterprise Library\Microsoft.Practices.EnterpriseLibrary.Security.Cryptography.Configuration.Design.dll
		External Code\Microsoft Enterprise Library\Microsoft.Practices.EnterpriseLibrary.Security.Cryptography.Configuration.Design.xml = External Code\Microsoft Enterprise Library\Microsoft.Practices.EnterpriseLibrary.Security.Cryptography.Configuration.Design.xml
		External Code\Microsoft Enterprise Library\Microsoft.Practices.EnterpriseLibrary.Security.Cryptography.dll = External Code\Microsoft Enterprise Library\Microsoft.Practices.EnterpriseLibrary.Security.Cryptography.dll
		External Code\Microsoft Enterprise Library\Microsoft.Practices.EnterpriseLibrary.Security.Cryptography.xml = External Code\Microsoft Enterprise Library\Microsoft.Practices.EnterpriseLibrary.Security.Cryptography.xml
		External Code\Microsoft Enterprise Library\Microsoft.Practices.EnterpriseLibrary.Security.dll = External Code\Microsoft Enterprise Library\Microsoft.Practices.EnterpriseLibrary.Security.dll
		External Code\Microsoft Enterprise Library\Microsoft.Practices.EnterpriseLibrary.Security.xml = External Code\Microsoft Enterprise Library\Microsoft.Practices.EnterpriseLibrary.Security.xml
		External Code\Microsoft Enterprise Library\Microsoft.Practices.EnterpriseLibrary.Validation.Configuration.Design.dll = External Code\Microsoft Enterprise Library\Microsoft.Practices.EnterpriseLibrary.Validation.Configuration.Design.dll
		External Code\Microsoft Enterprise Library\Microsoft.Practices.EnterpriseLibrary.Validation.Configuration.Design.xml = External Code\Microsoft Enterprise Library\Microsoft.Practices.EnterpriseLibrary.Validation.Configuration.Design.xml
		External Code\Microsoft Enterprise Library\Microsoft.Practices.EnterpriseLibrary.Validation.dll = External Code\Microsoft Enterprise Library\Microsoft.Practices.EnterpriseLibrary.Validation.dll
		External Code\Microsoft Enterprise Library\Microsoft.Practices.EnterpriseLibrary.Validation.Integration.AspNet.dll = External Code\Microsoft Enterprise Library\Microsoft.Practices.EnterpriseLibrary.Validation.Integration.AspNet.dll
		External Code\Microsoft Enterprise Library\Microsoft.Practices.EnterpriseLibrary.Validation.Integration.AspNet.xml = External Code\Microsoft Enterprise Library\Microsoft.Practices.EnterpriseLibrary.Validation.Integration.AspNet.xml
		External Code\Microsoft Enterprise Library\Microsoft.Practices.EnterpriseLibrary.Validation.Integration.WCF.dll = External Code\Microsoft Enterprise Library\Microsoft.Practices.EnterpriseLibrary.Validation.Integration.WCF.dll
		External Code\Microsoft Enterprise Library\Microsoft.Practices.EnterpriseLibrary.Validation.Integration.WCF.xml = External Code\Microsoft Enterprise Library\Microsoft.Practices.EnterpriseLibrary.Validation.Integration.WCF.xml
		External Code\Microsoft Enterprise Library\Microsoft.Practices.EnterpriseLibrary.Validation.Integration.WinForms.dll = External Code\Microsoft Enterprise Library\Microsoft.Practices.EnterpriseLibrary.Validation.Integration.WinForms.dll
		External Code\Microsoft Enterprise Library\Microsoft.Practices.EnterpriseLibrary.Validation.Integration.WinForms.xml = External Code\Microsoft Enterprise Library\Microsoft.Practices.EnterpriseLibrary.Validation.Integration.WinForms.xml
		External Code\Microsoft Enterprise Library\Microsoft.Practices.EnterpriseLibrary.Validation.xml = External Code\Microsoft Enterprise Library\Microsoft.Practices.EnterpriseLibrary.Validation.xml
		External Code\Microsoft Enterprise Library\Microsoft.Practices.ObjectBuilder2.dll = External Code\Microsoft Enterprise Library\Microsoft.Practices.ObjectBuilder2.dll
		External Code\Microsoft Enterprise Library\Microsoft.Practices.Unity.Configuration.dll = External Code\Microsoft Enterprise Library\Microsoft.Practices.Unity.Configuration.dll
		External Code\Microsoft Enterprise Library\Microsoft.Practices.Unity.dll = External Code\Microsoft Enterprise Library\Microsoft.Practices.Unity.dll
		External Code\Microsoft Enterprise Library\Microsoft.Practices.Unity.Interception.Configuration.dll = External Code\Microsoft Enterprise Library\Microsoft.Practices.Unity.Interception.Configuration.dll
		External Code\Microsoft Enterprise Library\Microsoft.Practices.Unity.Interception.dll = External Code\Microsoft Enterprise Library\Microsoft.Practices.Unity.Interception.dll
		External Code\Microsoft Enterprise Library\Microsoft.Practices.Unity.StaticFactory.dll = External Code\Microsoft Enterprise Library\Microsoft.Practices.Unity.StaticFactory.dll
		External Code\Microsoft Enterprise Library\MsmqDistributor.exe = External Code\Microsoft Enterprise Library\MsmqDistributor.exe
		External Code\Microsoft Enterprise Library\MsmqDistributor.exe.config = External Code\Microsoft Enterprise Library\MsmqDistributor.exe.config
		External Code\Microsoft Enterprise Library\MsmqDistributor.xml = External Code\Microsoft Enterprise Library\MsmqDistributor.xml
	EndProjectSection
EndProject
Global
	GlobalSection(SolutionConfigurationPlatforms) = preSolution
		Debug|.NET = Debug|.NET
		Debug|Any CPU = Debug|Any CPU
		Debug|Mixed Platforms = Debug|Mixed Platforms
		Default|.NET = Default|.NET
		Default|Any CPU = Default|Any CPU
		Default|Mixed Platforms = Default|Mixed Platforms
		Release|.NET = Release|.NET
		Release|Any CPU = Release|Any CPU
		Release|Mixed Platforms = Release|Mixed Platforms
	EndGlobalSection
	GlobalSection(ProjectConfigurationPlatforms) = postSolution
		{72ABCD78-6907-4F63-8C59-392C9F3CE506}.Debug|.NET.ActiveCfg = Debug|Any CPU
		{72ABCD78-6907-4F63-8C59-392C9F3CE506}.Debug|Any CPU.ActiveCfg = Debug|Any CPU
		{72ABCD78-6907-4F63-8C59-392C9F3CE506}.Debug|Any CPU.Build.0 = Debug|Any CPU
		{72ABCD78-6907-4F63-8C59-392C9F3CE506}.Debug|Mixed Platforms.ActiveCfg = Debug|Any CPU
		{72ABCD78-6907-4F63-8C59-392C9F3CE506}.Debug|Mixed Platforms.Build.0 = Debug|Any CPU
		{72ABCD78-6907-4F63-8C59-392C9F3CE506}.Default|.NET.ActiveCfg = Debug|Any CPU
		{72ABCD78-6907-4F63-8C59-392C9F3CE506}.Default|Any CPU.ActiveCfg = Debug|Any CPU
		{72ABCD78-6907-4F63-8C59-392C9F3CE506}.Default|Any CPU.Build.0 = Debug|Any CPU
		{72ABCD78-6907-4F63-8C59-392C9F3CE506}.Default|Mixed Platforms.ActiveCfg = Debug|Any CPU
		{72ABCD78-6907-4F63-8C59-392C9F3CE506}.Default|Mixed Platforms.Build.0 = Debug|Any CPU
		{72ABCD78-6907-4F63-8C59-392C9F3CE506}.Release|.NET.ActiveCfg = Release|Any CPU
		{72ABCD78-6907-4F63-8C59-392C9F3CE506}.Release|Any CPU.ActiveCfg = Release|Any CPU
		{72ABCD78-6907-4F63-8C59-392C9F3CE506}.Release|Any CPU.Build.0 = Release|Any CPU
		{72ABCD78-6907-4F63-8C59-392C9F3CE506}.Release|Mixed Platforms.ActiveCfg = Release|Any CPU
		{72ABCD78-6907-4F63-8C59-392C9F3CE506}.Release|Mixed Platforms.Build.0 = Release|Any CPU
		{DDCBA976-8AEA-42B5-8B63-E2E099F1D9CA}.Debug|.NET.ActiveCfg = Debug|Any CPU
		{DDCBA976-8AEA-42B5-8B63-E2E099F1D9CA}.Debug|Any CPU.ActiveCfg = Debug|Any CPU
		{DDCBA976-8AEA-42B5-8B63-E2E099F1D9CA}.Debug|Any CPU.Build.0 = Debug|Any CPU
		{DDCBA976-8AEA-42B5-8B63-E2E099F1D9CA}.Debug|Mixed Platforms.ActiveCfg = Debug|Any CPU
		{DDCBA976-8AEA-42B5-8B63-E2E099F1D9CA}.Debug|Mixed Platforms.Build.0 = Debug|Any CPU
		{DDCBA976-8AEA-42B5-8B63-E2E099F1D9CA}.Default|.NET.ActiveCfg = Debug|Any CPU
		{DDCBA976-8AEA-42B5-8B63-E2E099F1D9CA}.Default|Any CPU.ActiveCfg = Debug|Any CPU
		{DDCBA976-8AEA-42B5-8B63-E2E099F1D9CA}.Default|Any CPU.Build.0 = Debug|Any CPU
		{DDCBA976-8AEA-42B5-8B63-E2E099F1D9CA}.Default|Mixed Platforms.ActiveCfg = Debug|Any CPU
		{DDCBA976-8AEA-42B5-8B63-E2E099F1D9CA}.Default|Mixed Platforms.Build.0 = Debug|Any CPU
		{DDCBA976-8AEA-42B5-8B63-E2E099F1D9CA}.Release|.NET.ActiveCfg = Release|Any CPU
		{DDCBA976-8AEA-42B5-8B63-E2E099F1D9CA}.Release|Any CPU.ActiveCfg = Release|Any CPU
		{DDCBA976-8AEA-42B5-8B63-E2E099F1D9CA}.Release|Any CPU.Build.0 = Release|Any CPU
		{DDCBA976-8AEA-42B5-8B63-E2E099F1D9CA}.Release|Mixed Platforms.ActiveCfg = Release|Any CPU
		{DDCBA976-8AEA-42B5-8B63-E2E099F1D9CA}.Release|Mixed Platforms.Build.0 = Release|Any CPU
		{1D0FDD92-12F9-487D-A9B1-D7130DE37C15}.Debug|.NET.ActiveCfg = Debug|Any CPU
		{1D0FDD92-12F9-487D-A9B1-D7130DE37C15}.Debug|Any CPU.ActiveCfg = Debug|Any CPU
		{1D0FDD92-12F9-487D-A9B1-D7130DE37C15}.Debug|Any CPU.Build.0 = Debug|Any CPU
		{1D0FDD92-12F9-487D-A9B1-D7130DE37C15}.Debug|Mixed Platforms.ActiveCfg = Debug|Any CPU
		{1D0FDD92-12F9-487D-A9B1-D7130DE37C15}.Debug|Mixed Platforms.Build.0 = Debug|Any CPU
		{1D0FDD92-12F9-487D-A9B1-D7130DE37C15}.Default|.NET.ActiveCfg = Debug|Any CPU
		{1D0FDD92-12F9-487D-A9B1-D7130DE37C15}.Default|Any CPU.ActiveCfg = Debug|Any CPU
		{1D0FDD92-12F9-487D-A9B1-D7130DE37C15}.Default|Any CPU.Build.0 = Debug|Any CPU
		{1D0FDD92-12F9-487D-A9B1-D7130DE37C15}.Default|Mixed Platforms.ActiveCfg = Debug|Any CPU
		{1D0FDD92-12F9-487D-A9B1-D7130DE37C15}.Default|Mixed Platforms.Build.0 = Debug|Any CPU
		{1D0FDD92-12F9-487D-A9B1-D7130DE37C15}.Release|.NET.ActiveCfg = Release|Any CPU
		{1D0FDD92-12F9-487D-A9B1-D7130DE37C15}.Release|Any CPU.ActiveCfg = Release|Any CPU
		{1D0FDD92-12F9-487D-A9B1-D7130DE37C15}.Release|Any CPU.Build.0 = Release|Any CPU
		{1D0FDD92-12F9-487D-A9B1-D7130DE37C15}.Release|Mixed Platforms.ActiveCfg = Release|Any CPU
		{1D0FDD92-12F9-487D-A9B1-D7130DE37C15}.Release|Mixed Platforms.Build.0 = Release|Any CPU
		{27F9D353-FCCC-430E-A6A6-6864773CBCDC}.Debug|.NET.ActiveCfg = Debug|Any CPU
		{27F9D353-FCCC-430E-A6A6-6864773CBCDC}.Debug|Any CPU.ActiveCfg = Debug|Any CPU
		{27F9D353-FCCC-430E-A6A6-6864773CBCDC}.Debug|Any CPU.Build.0 = Debug|Any CPU
		{27F9D353-FCCC-430E-A6A6-6864773CBCDC}.Debug|Mixed Platforms.ActiveCfg = Debug|Any CPU
		{27F9D353-FCCC-430E-A6A6-6864773CBCDC}.Debug|Mixed Platforms.Build.0 = Debug|Any CPU
		{27F9D353-FCCC-430E-A6A6-6864773CBCDC}.Default|.NET.ActiveCfg = Debug|Any CPU
		{27F9D353-FCCC-430E-A6A6-6864773CBCDC}.Default|Any CPU.ActiveCfg = Debug|Any CPU
		{27F9D353-FCCC-430E-A6A6-6864773CBCDC}.Default|Any CPU.Build.0 = Debug|Any CPU
		{27F9D353-FCCC-430E-A6A6-6864773CBCDC}.Default|Mixed Platforms.ActiveCfg = Debug|Any CPU
		{27F9D353-FCCC-430E-A6A6-6864773CBCDC}.Default|Mixed Platforms.Build.0 = Debug|Any CPU
		{27F9D353-FCCC-430E-A6A6-6864773CBCDC}.Release|.NET.ActiveCfg = Release|Any CPU
		{27F9D353-FCCC-430E-A6A6-6864773CBCDC}.Release|Any CPU.ActiveCfg = Release|Any CPU
		{27F9D353-FCCC-430E-A6A6-6864773CBCDC}.Release|Any CPU.Build.0 = Release|Any CPU
		{27F9D353-FCCC-430E-A6A6-6864773CBCDC}.Release|Mixed Platforms.ActiveCfg = Release|Any CPU
		{27F9D353-FCCC-430E-A6A6-6864773CBCDC}.Release|Mixed Platforms.Build.0 = Release|Any CPU
		{FDC46BCA-BA06-4F44-9BEE-F20FBA2A8ABB}.Debug|.NET.ActiveCfg = Debug|.NET
		{FDC46BCA-BA06-4F44-9BEE-F20FBA2A8ABB}.Debug|.NET.Build.0 = Debug|.NET
		{FDC46BCA-BA06-4F44-9BEE-F20FBA2A8ABB}.Debug|Any CPU.ActiveCfg = Debug|.NET
		{FDC46BCA-BA06-4F44-9BEE-F20FBA2A8ABB}.Debug|Mixed Platforms.ActiveCfg = Debug|.NET
		{FDC46BCA-BA06-4F44-9BEE-F20FBA2A8ABB}.Debug|Mixed Platforms.Build.0 = Debug|.NET
		{FDC46BCA-BA06-4F44-9BEE-F20FBA2A8ABB}.Default|.NET.ActiveCfg = Debug|.NET
		{FDC46BCA-BA06-4F44-9BEE-F20FBA2A8ABB}.Default|.NET.Build.0 = Debug|.NET
		{FDC46BCA-BA06-4F44-9BEE-F20FBA2A8ABB}.Default|Any CPU.ActiveCfg = Debug|.NET
		{FDC46BCA-BA06-4F44-9BEE-F20FBA2A8ABB}.Default|Mixed Platforms.ActiveCfg = Debug|.NET
		{FDC46BCA-BA06-4F44-9BEE-F20FBA2A8ABB}.Default|Mixed Platforms.Build.0 = Debug|.NET
		{FDC46BCA-BA06-4F44-9BEE-F20FBA2A8ABB}.Release|.NET.ActiveCfg = Debug|.NET
		{FDC46BCA-BA06-4F44-9BEE-F20FBA2A8ABB}.Release|.NET.Build.0 = Debug|.NET
		{FDC46BCA-BA06-4F44-9BEE-F20FBA2A8ABB}.Release|Any CPU.ActiveCfg = Debug|Any CPU
		{FDC46BCA-BA06-4F44-9BEE-F20FBA2A8ABB}.Release|Mixed Platforms.ActiveCfg = Debug|Any CPU
		{FDC46BCA-BA06-4F44-9BEE-F20FBA2A8ABB}.Release|Mixed Platforms.Build.0 = Debug|Any CPU
		{D532570D-2CB9-4592-A8B5-C16712B1FACB}.Debug|.NET.ActiveCfg = Debug|Any CPU
		{D532570D-2CB9-4592-A8B5-C16712B1FACB}.Debug|Any CPU.ActiveCfg = Debug|Any CPU
		{D532570D-2CB9-4592-A8B5-C16712B1FACB}.Debug|Any CPU.Build.0 = Debug|Any CPU
		{D532570D-2CB9-4592-A8B5-C16712B1FACB}.Debug|Mixed Platforms.ActiveCfg = Debug|Any CPU
		{D532570D-2CB9-4592-A8B5-C16712B1FACB}.Debug|Mixed Platforms.Build.0 = Debug|Any CPU
		{D532570D-2CB9-4592-A8B5-C16712B1FACB}.Default|.NET.ActiveCfg = Debug|Any CPU
		{D532570D-2CB9-4592-A8B5-C16712B1FACB}.Default|Any CPU.ActiveCfg = Debug|Any CPU
		{D532570D-2CB9-4592-A8B5-C16712B1FACB}.Default|Any CPU.Build.0 = Debug|Any CPU
		{D532570D-2CB9-4592-A8B5-C16712B1FACB}.Default|Mixed Platforms.ActiveCfg = Debug|Any CPU
		{D532570D-2CB9-4592-A8B5-C16712B1FACB}.Default|Mixed Platforms.Build.0 = Debug|Any CPU
		{D532570D-2CB9-4592-A8B5-C16712B1FACB}.Release|.NET.ActiveCfg = Release|Any CPU
		{D532570D-2CB9-4592-A8B5-C16712B1FACB}.Release|Any CPU.ActiveCfg = Release|Any CPU
		{D532570D-2CB9-4592-A8B5-C16712B1FACB}.Release|Any CPU.Build.0 = Release|Any CPU
		{D532570D-2CB9-4592-A8B5-C16712B1FACB}.Release|Mixed Platforms.ActiveCfg = Release|Any CPU
		{D532570D-2CB9-4592-A8B5-C16712B1FACB}.Release|Mixed Platforms.Build.0 = Release|Any CPU
		{4E11DE8F-C111-44E4-8AF8-B66EDEC9152D}.Debug|.NET.ActiveCfg = Debug|Any CPU
		{4E11DE8F-C111-44E4-8AF8-B66EDEC9152D}.Debug|Any CPU.ActiveCfg = Debug|Any CPU
		{4E11DE8F-C111-44E4-8AF8-B66EDEC9152D}.Debug|Any CPU.Build.0 = Debug|Any CPU
		{4E11DE8F-C111-44E4-8AF8-B66EDEC9152D}.Debug|Mixed Platforms.ActiveCfg = Debug|Any CPU
		{4E11DE8F-C111-44E4-8AF8-B66EDEC9152D}.Debug|Mixed Platforms.Build.0 = Debug|Any CPU
		{4E11DE8F-C111-44E4-8AF8-B66EDEC9152D}.Default|.NET.ActiveCfg = Debug|Any CPU
		{4E11DE8F-C111-44E4-8AF8-B66EDEC9152D}.Default|Any CPU.ActiveCfg = Debug|Any CPU
		{4E11DE8F-C111-44E4-8AF8-B66EDEC9152D}.Default|Any CPU.Build.0 = Debug|Any CPU
		{4E11DE8F-C111-44E4-8AF8-B66EDEC9152D}.Default|Mixed Platforms.ActiveCfg = Debug|Any CPU
		{4E11DE8F-C111-44E4-8AF8-B66EDEC9152D}.Default|Mixed Platforms.Build.0 = Debug|Any CPU
		{4E11DE8F-C111-44E4-8AF8-B66EDEC9152D}.Release|.NET.ActiveCfg = Release|Any CPU
		{4E11DE8F-C111-44E4-8AF8-B66EDEC9152D}.Release|Any CPU.ActiveCfg = Release|Any CPU
		{4E11DE8F-C111-44E4-8AF8-B66EDEC9152D}.Release|Any CPU.Build.0 = Release|Any CPU
		{4E11DE8F-C111-44E4-8AF8-B66EDEC9152D}.Release|Mixed Platforms.ActiveCfg = Release|Any CPU
		{4E11DE8F-C111-44E4-8AF8-B66EDEC9152D}.Release|Mixed Platforms.Build.0 = Release|Any CPU
		{0E985D01-D502-4CAC-89AC-483800F80B97}.Debug|.NET.ActiveCfg = Debug|Any CPU
		{0E985D01-D502-4CAC-89AC-483800F80B97}.Debug|Any CPU.ActiveCfg = Debug|Any CPU
		{0E985D01-D502-4CAC-89AC-483800F80B97}.Debug|Any CPU.Build.0 = Debug|Any CPU
		{0E985D01-D502-4CAC-89AC-483800F80B97}.Debug|Mixed Platforms.ActiveCfg = Debug|Any CPU
		{0E985D01-D502-4CAC-89AC-483800F80B97}.Debug|Mixed Platforms.Build.0 = Debug|Any CPU
		{0E985D01-D502-4CAC-89AC-483800F80B97}.Default|.NET.ActiveCfg = Debug|Any CPU
		{0E985D01-D502-4CAC-89AC-483800F80B97}.Default|Any CPU.ActiveCfg = Debug|Any CPU
		{0E985D01-D502-4CAC-89AC-483800F80B97}.Default|Any CPU.Build.0 = Debug|Any CPU
		{0E985D01-D502-4CAC-89AC-483800F80B97}.Default|Mixed Platforms.ActiveCfg = Debug|Any CPU
		{0E985D01-D502-4CAC-89AC-483800F80B97}.Default|Mixed Platforms.Build.0 = Debug|Any CPU
		{0E985D01-D502-4CAC-89AC-483800F80B97}.Release|.NET.ActiveCfg = Release|Any CPU
		{0E985D01-D502-4CAC-89AC-483800F80B97}.Release|Any CPU.ActiveCfg = Release|Any CPU
		{0E985D01-D502-4CAC-89AC-483800F80B97}.Release|Any CPU.Build.0 = Release|Any CPU
		{0E985D01-D502-4CAC-89AC-483800F80B97}.Release|Mixed Platforms.ActiveCfg = Release|Any CPU
		{0E985D01-D502-4CAC-89AC-483800F80B97}.Release|Mixed Platforms.Build.0 = Release|Any CPU
		{24E3696C-B69C-49C8-8276-C4003297C45D}.Debug|.NET.ActiveCfg = Debug|Any CPU
		{24E3696C-B69C-49C8-8276-C4003297C45D}.Debug|Any CPU.ActiveCfg = Debug|Any CPU
		{24E3696C-B69C-49C8-8276-C4003297C45D}.Debug|Any CPU.Build.0 = Debug|Any CPU
		{24E3696C-B69C-49C8-8276-C4003297C45D}.Debug|Mixed Platforms.ActiveCfg = Debug|Any CPU
		{24E3696C-B69C-49C8-8276-C4003297C45D}.Debug|Mixed Platforms.Build.0 = Debug|Any CPU
		{24E3696C-B69C-49C8-8276-C4003297C45D}.Default|.NET.ActiveCfg = Debug|Any CPU
		{24E3696C-B69C-49C8-8276-C4003297C45D}.Default|Any CPU.ActiveCfg = Debug|Any CPU
		{24E3696C-B69C-49C8-8276-C4003297C45D}.Default|Any CPU.Build.0 = Debug|Any CPU
		{24E3696C-B69C-49C8-8276-C4003297C45D}.Default|Mixed Platforms.ActiveCfg = Debug|Any CPU
		{24E3696C-B69C-49C8-8276-C4003297C45D}.Default|Mixed Platforms.Build.0 = Debug|Any CPU
		{24E3696C-B69C-49C8-8276-C4003297C45D}.Release|.NET.ActiveCfg = Release|Any CPU
		{24E3696C-B69C-49C8-8276-C4003297C45D}.Release|Any CPU.ActiveCfg = Release|Any CPU
		{24E3696C-B69C-49C8-8276-C4003297C45D}.Release|Any CPU.Build.0 = Release|Any CPU
		{24E3696C-B69C-49C8-8276-C4003297C45D}.Release|Mixed Platforms.ActiveCfg = Release|Any CPU
		{24E3696C-B69C-49C8-8276-C4003297C45D}.Release|Mixed Platforms.Build.0 = Release|Any CPU
		{BE2E39E8-DBC2-4933-9376-96D393C86588}.Debug|.NET.ActiveCfg = Debug|Any CPU
		{BE2E39E8-DBC2-4933-9376-96D393C86588}.Debug|Any CPU.ActiveCfg = Debug|Any CPU
		{BE2E39E8-DBC2-4933-9376-96D393C86588}.Debug|Any CPU.Build.0 = Debug|Any CPU
		{BE2E39E8-DBC2-4933-9376-96D393C86588}.Debug|Mixed Platforms.ActiveCfg = Debug|Any CPU
		{BE2E39E8-DBC2-4933-9376-96D393C86588}.Debug|Mixed Platforms.Build.0 = Debug|Any CPU
		{BE2E39E8-DBC2-4933-9376-96D393C86588}.Default|.NET.ActiveCfg = Debug|Any CPU
		{BE2E39E8-DBC2-4933-9376-96D393C86588}.Default|Any CPU.ActiveCfg = Debug|Any CPU
		{BE2E39E8-DBC2-4933-9376-96D393C86588}.Default|Any CPU.Build.0 = Debug|Any CPU
		{BE2E39E8-DBC2-4933-9376-96D393C86588}.Default|Mixed Platforms.ActiveCfg = Debug|Any CPU
		{BE2E39E8-DBC2-4933-9376-96D393C86588}.Default|Mixed Platforms.Build.0 = Debug|Any CPU
		{BE2E39E8-DBC2-4933-9376-96D393C86588}.Release|.NET.ActiveCfg = Release|Any CPU
		{BE2E39E8-DBC2-4933-9376-96D393C86588}.Release|Any CPU.ActiveCfg = Release|Any CPU
		{BE2E39E8-DBC2-4933-9376-96D393C86588}.Release|Any CPU.Build.0 = Release|Any CPU
		{BE2E39E8-DBC2-4933-9376-96D393C86588}.Release|Mixed Platforms.ActiveCfg = Release|Any CPU
		{BE2E39E8-DBC2-4933-9376-96D393C86588}.Release|Mixed Platforms.Build.0 = Release|Any CPU
	EndGlobalSection
	GlobalSection(SolutionProperties) = preSolution
		HideSolutionNode = FALSE
	EndGlobalSection
	GlobalSection(NestedProjects) = preSolution
		{9AA9A203-A5D5-451C-A8D1-EA6EAA80BE97} = {7CD88F01-8658-4899-8750-0AFE77AF4D06}
		{06E93A4A-6798-4BA7-BB99-1A498D4B5FAB} = {7CD88F01-8658-4899-8750-0AFE77AF4D06}
		{99445F16-3BF9-47F1-B924-C7A0328DC55E} = {7CD88F01-8658-4899-8750-0AFE77AF4D06}
		{E944C636-98FC-4CFA-A4FD-E1135DF013C1} = {7CD88F01-8658-4899-8750-0AFE77AF4D06}
		{58041BF8-ECF4-46CC-83A1-4F4E93C93177} = {7CD88F01-8658-4899-8750-0AFE77AF4D06}
		{DDCBA976-8AEA-42B5-8B63-E2E099F1D9CA} = {9AA9A203-A5D5-451C-A8D1-EA6EAA80BE97}
		{1D0FDD92-12F9-487D-A9B1-D7130DE37C15} = {06E93A4A-6798-4BA7-BB99-1A498D4B5FAB}
		{72ABCD78-6907-4F63-8C59-392C9F3CE506} = {99445F16-3BF9-47F1-B924-C7A0328DC55E}
		{FDC46BCA-BA06-4F44-9BEE-F20FBA2A8ABB} = {98ACB6C7-239F-4CD3-84A3-D92EF6BF3729}
		{0E985D01-D502-4CAC-89AC-483800F80B97} = {98ACB6C7-239F-4CD3-84A3-D92EF6BF3729}
		{27F9D353-FCCC-430E-A6A6-6864773CBCDC} = {E944C636-98FC-4CFA-A4FD-E1135DF013C1}
		{D532570D-2CB9-4592-A8B5-C16712B1FACB} = {58041BF8-ECF4-46CC-83A1-4F4E93C93177}
		{4E11DE8F-C111-44E4-8AF8-B66EDEC9152D} = {58041BF8-ECF4-46CC-83A1-4F4E93C93177}
		{24E3696C-B69C-49C8-8276-C4003297C45D} = {58041BF8-ECF4-46CC-83A1-4F4E93C93177}
		{D8E5B2FF-5434-4CC3-A60A-428C1EF16215} = {278A765B-EA9A-4128-8A57-9403EC79E635}
		{BE2E39E8-DBC2-4933-9376-96D393C86588} = {278A765B-EA9A-4128-8A57-9403EC79E635}
		{C721D40C-8975-4E71-A14C-9F2C7EDF253D} = {278A765B-EA9A-4128-8A57-9403EC79E635}
	EndGlobalSection
	GlobalSection(TeamFoundationVersionControl) = preSolution
		SccNumberOfProjects = 11
		SccEnterpriseProvider = {4CA58AB2-18FA-4F8D-95D4-32DDF27D184C}
		SccTeamFoundationServer = https://tfs.med.harvard.edu:8081/
		SccLocalPath0 = .
		SccProjectUniqueName1 = Common\\Profiles.Common\\Profiles.Common\\Connects.Profiles.Common.csproj
		SccProjectTopLevelParentUniqueName1 = ResNavPeople.sln
		SccProjectName1 = Common/Profiles.Common/Profiles.Common
		SccLocalPath1 = Common\\Profiles.Common\\Profiles.Common
		SccProjectUniqueName2 = Connects.Profiles.BusinessLogic\\Connects.Profiles.BusinessLogic.csproj
		SccProjectTopLevelParentUniqueName2 = ResNavPeople.sln
		SccProjectName2 = Connects.Profiles.BusinessLogic
		SccLocalPath2 = Connects.Profiles.BusinessLogic
		SccProjectUniqueName3 = Connects.Profiles.Utility\\Connects.Profiles.Utility.csproj
		SccProjectTopLevelParentUniqueName3 = ResNavPeople.sln
		SccProjectName3 = Connects.Profiles.Utility
		SccLocalPath3 = Connects.Profiles.Utility
		SccProjectUniqueName4 = Data\\Profiles.DataAccess\\Profiles.DataAccess\\Connects.Profiles.Data.csproj
		SccProjectTopLevelParentUniqueName4 = ResNavPeople.sln
		SccProjectName4 = Data/Profiles.DataAccess/Profiles.DataAccess
		SccLocalPath4 = Data\\Profiles.DataAccess\\Profiles.DataAccess
		SccWebProject5 = true
		SccProjectUniqueName5 = ProfilesWeb
		SccProjectTopLevelParentUniqueName5 = ResNavPeople.sln
		SccLocalPath5 = .
		SccProjectFilePathRelativizedFromConnection5 = ProfilesWeb\\
		SccProjectEnlistmentChoice5 = 2
		SccProjectUniqueName6 = Service\\Connects.Profiles.Service.ServiceContracts\\Connects.Profiles.Service.ServiceContracts.csproj
		SccProjectTopLevelParentUniqueName6 = ResNavPeople.sln
		SccProjectName6 = Service/Connects.Profiles.Service.ServiceContracts
		SccLocalPath6 = Service\\Connects.Profiles.Service.ServiceContracts
		SccProjectUniqueName7 = Service\\Connects.Profiles.Service.DataContracts\\Connects.Profiles.Service.DataContracts.csproj
		SccProjectTopLevelParentUniqueName7 = ResNavPeople.sln
		SccProjectName7 = Service/Connects.Profiles.Service.DataContracts
		SccLocalPath7 = Service\\Connects.Profiles.Service.DataContracts
		SccProjectUniqueName8 = Connects.Profiles.ProfileService\\Connects.Profiles.Service.csproj
		SccProjectTopLevelParentUniqueName8 = ResNavPeople.sln
		SccProjectName8 = Connects.Profiles.ProfileService
		SccLocalPath8 = Connects.Profiles.ProfileService
		SccProjectUniqueName9 = Service\\Connects.Profiles.Service.ServiceImplementation\\Connects.Profiles.Service.ServiceImplementation.csproj
		SccProjectTopLevelParentUniqueName9 = ResNavPeople.sln
		SccProjectName9 = Service/Connects.Profiles.Service.ServiceImplementation
		SccLocalPath9 = Service\\Connects.Profiles.Service.ServiceImplementation
		SccProjectUniqueName10 = External\u0020Code\\FUA\\FUA.csproj
		SccProjectTopLevelParentUniqueName10 = ResNavPeople.sln
		SccProjectName10 = External\u0020Code/FUA
		SccLocalPath10 = External\u0020Code\\FUA
	EndGlobalSection
	GlobalSection(TextTemplating) = postSolution
		TextTemplating = 1
	EndGlobalSection
EndGlobal
